lockfileVersion: 5.3

specifiers:
  '@material/mwc-button': ^0.25.3
  '@material/mwc-checkbox': ^0.25.3
  '@material/mwc-circular-progress': ^0.25.3
  '@material/mwc-circular-progress-four-color': ^0.25.3
  '@material/mwc-dialog': ^0.25.3
  '@material/mwc-drawer': ^0.25.3
  '@material/mwc-fab': ^0.25.3
  '@material/mwc-formfield': ^0.25.3
  '@material/mwc-icon': ^0.25.3
  '@material/mwc-icon-button': ^0.25.3
  '@material/mwc-icon-button-toggle': ^0.25.3
  '@material/mwc-linear-progress': ^0.25.3
  '@material/mwc-list': ^0.25.3
  '@material/mwc-menu': ^0.25.3
  '@material/mwc-radio': ^0.25.3
  '@material/mwc-select': ^0.25.3
  '@material/mwc-slider': ^0.25.3
  '@material/mwc-snackbar': ^0.25.3
  '@material/mwc-switch': ^0.25.3
  '@material/mwc-tab': ^0.25.3
  '@material/mwc-tab-bar': ^0.25.3
  '@material/mwc-textarea': ^0.25.3
  '@material/mwc-textfield': ^0.25.3
  '@material/mwc-top-app-bar': ^0.25.3
  '@material/mwc-top-app-bar-fixed': ^0.25.3
  esbuild: ^0.14.14

devDependencies:
  '@material/mwc-button': 0.25.3
  '@material/mwc-checkbox': 0.25.3
  '@material/mwc-circular-progress': 0.25.3
  '@material/mwc-circular-progress-four-color': 0.25.3
  '@material/mwc-dialog': 0.25.3
  '@material/mwc-drawer': 0.25.3
  '@material/mwc-fab': 0.25.3
  '@material/mwc-formfield': 0.25.3
  '@material/mwc-icon': 0.25.3
  '@material/mwc-icon-button': 0.25.3
  '@material/mwc-icon-button-toggle': 0.25.3
  '@material/mwc-linear-progress': 0.25.3
  '@material/mwc-list': 0.25.3
  '@material/mwc-menu': 0.25.3
  '@material/mwc-radio': 0.25.3
  '@material/mwc-select': 0.25.3
  '@material/mwc-slider': 0.25.3
  '@material/mwc-snackbar': 0.25.3
  '@material/mwc-switch': 0.25.3
  '@material/mwc-tab': 0.25.3
  '@material/mwc-tab-bar': 0.25.3
  '@material/mwc-textarea': 0.25.3
  '@material/mwc-textfield': 0.25.3
  '@material/mwc-top-app-bar': 0.25.3
  '@material/mwc-top-app-bar-fixed': 0.25.3
  esbuild: 0.14.14

packages:

  /@lit/reactive-element/1.0.0-rc.4:
    resolution: {integrity: sha512-dJMha+4NFYdpnUJzRrWTFV5Hdp9QHWFuPnaoqonrKl4lGJVnYez9mu8ev9F/5KM47tjAjh22DuRHrdFDHfOijA==}
    dev: true

  /@lit/reactive-element/1.2.1:
    resolution: {integrity: sha512-03FYfMguIWo9E1y1qcTpXzoO8Ukpn0j5o4GjNFq/iHqJEPY6pYopsU44e7NSFIgCTorr8wdUU5PfVy8VeD6Rwg==}
    dev: true

  /@material/animation/14.0.0-canary.261f2db59.0:
    resolution: {integrity: sha512-OjxWJYSRNs4vnPe8NclaNn+TsNc8TR/wHusGtezF5F+wl+5mh+K69BMXAmURtq3idoRg4XaOSC/Ohk1ovD1fMQ==}
    dependencies:
      tslib: 2.3.1
    dev: true

  /@material/base/14.0.0-canary.261f2db59.0:
    resolution: {integrity: sha512-vy5SQt+jcwwdRFfBvtpVdpULUBujecVUKOXcopaQoi2XIzI5EBHuR4gPN0cd1yfmVEucD6p2fvVv2FJ3Ngr61w==}
    dependencies:
      tslib: 2.3.1
    dev: true

  /@material/button/14.0.0-canary.261f2db59.0:
    resolution: {integrity: sha512-DB0MAvdIGWKuFwlQ57hjv7ZuHIioT2mnG7RWtL7ZoCWoY45nCrsbJirmX5zZFipm9gIOJ3YnIkIrUyMVSrDX+g==}
    dependencies:
      '@material/density': 14.0.0-canary.261f2db59.0
      '@material/dom': 14.0.0-canary.261f2db59.0
      '@material/elevation': 14.0.0-canary.261f2db59.0
      '@material/feature-targeting': 14.0.0-canary.261f2db59.0
      '@material/ripple': 14.0.0-canary.261f2db59.0
      '@material/rtl': 14.0.0-canary.261f2db59.0
      '@material/shape': 14.0.0-canary.261f2db59.0
      '@material/theme': 14.0.0-canary.261f2db59.0
      '@material/tokens': 14.0.0-canary.261f2db59.0
      '@material/touch-target': 14.0.0-canary.261f2db59.0
      '@material/typography': 14.0.0-canary.261f2db59.0
      tslib: 2.3.1
    dev: true

  /@material/circular-progress/14.0.0-canary.261f2db59.0:
    resolution: {integrity: sha512-Gi6Ika8MEZQOT3Qei2NfTj+sRWxCDFjchPM7szNjIKgL2DyH03bHmodQFVcyBFiPWEcWMc/mqVYgGf/XJXs85w==}
    dependencies:
      '@material/animation': 14.0.0-canary.261f2db59.0
      '@material/base': 14.0.0-canary.261f2db59.0
      '@material/feature-targeting': 14.0.0-canary.261f2db59.0
      '@material/progress-indicator': 14.0.0-canary.261f2db59.0
      '@material/rtl': 14.0.0-canary.261f2db59.0
      '@material/theme': 14.0.0-canary.261f2db59.0
      tslib: 2.3.1
    dev: true

  /@material/density/14.0.0-canary.261f2db59.0:
    resolution: {integrity: sha512-zOR5wISqPVr8KS/ERNC1jdRV9O832lzclyS9Ea20rDrWfuOiYsQ9bbIk12xWlxpgsn7r9fxQJyd1O2SURoHdRA==}
    dependencies:
      tslib: 2.3.1
    dev: true

  /@material/dialog/14.0.0-canary.261f2db59.0:
    resolution: {integrity: sha512-NfQR0fmNS/y2iRAx5YeODLLywBAnSyZI/CL9GUq4NiNj+FeSxe+5bhG1p9NxHeGMjEVrl6fG5L9ql7lqtfQaYQ==}
    dependencies:
      '@material/animation': 14.0.0-canary.261f2db59.0
      '@material/base': 14.0.0-canary.261f2db59.0
      '@material/button': 14.0.0-canary.261f2db59.0
      '@material/dom': 14.0.0-canary.261f2db59.0
      '@material/elevation': 14.0.0-canary.261f2db59.0
      '@material/feature-targeting': 14.0.0-canary.261f2db59.0
      '@material/icon-button': 14.0.0-canary.261f2db59.0
      '@material/ripple': 14.0.0-canary.261f2db59.0
      '@material/rtl': 14.0.0-canary.261f2db59.0
      '@material/shape': 14.0.0-canary.261f2db59.0
      '@material/theme': 14.0.0-canary.261f2db59.0
      '@material/tokens': 14.0.0-canary.261f2db59.0
      '@material/touch-target': 14.0.0-canary.261f2db59.0
      '@material/typography': 14.0.0-canary.261f2db59.0
      tslib: 2.3.1
    dev: true

  /@material/dom/14.0.0-canary.261f2db59.0:
    resolution: {integrity: sha512-iUpZG6Bb2l/PfNV2Fb/pXfG1p4Bz4PC9A7ATPlKfcU5HioObcnYVc/+Hrtaw8eu28BNIc+VVROtbfpqG/YgKSQ==}
    dependencies:
      '@material/feature-targeting': 14.0.0-canary.261f2db59.0
      tslib: 2.3.1
    dev: true

  /@material/drawer/14.0.0-canary.261f2db59.0:
    resolution: {integrity: sha512-L4K8IXN5LMvaqVpOueopaMQPQbAWrRQ21iJi7Yv4BL15xWs5GbNohQJAclx4R6lHpEhnhYHlQ2dsIhe01IRrDw==}
    dependencies:
      '@material/animation': 14.0.0-canary.261f2db59.0
      '@material/base': 14.0.0-canary.261f2db59.0
      '@material/dom': 14.0.0-canary.261f2db59.0
      '@material/elevation': 14.0.0-canary.261f2db59.0
      '@material/feature-targeting': 14.0.0-canary.261f2db59.0
      '@material/list': 14.0.0-canary.261f2db59.0
      '@material/ripple': 14.0.0-canary.261f2db59.0
      '@material/rtl': 14.0.0-canary.261f2db59.0
      '@material/shape': 14.0.0-canary.261f2db59.0
      '@material/theme': 14.0.0-canary.261f2db59.0
      '@material/typography': 14.0.0-canary.261f2db59.0
      tslib: 2.3.1
    dev: true

  /@material/elevation/14.0.0-canary.261f2db59.0:
    resolution: {integrity: sha512-AqN/tsTGGyBzZ7CtoSMBY9bDYvCuUt98EUfiGjZGXcf4HgoHV3Cn/JSLrhru5Cq8Nx6HF6AmHh3dQCfNCQduew==}
    dependencies:
      '@material/animation': 14.0.0-canary.261f2db59.0
      '@material/base': 14.0.0-canary.261f2db59.0
      '@material/feature-targeting': 14.0.0-canary.261f2db59.0
      '@material/rtl': 14.0.0-canary.261f2db59.0
      '@material/theme': 14.0.0-canary.261f2db59.0
      tslib: 2.3.1
    dev: true

  /@material/feature-targeting/14.0.0-canary.261f2db59.0:
    resolution: {integrity: sha512-CrVoGNu0ym52OPEKy3kgeNL2oSWOCBYbYxSH3GhERxCq5FwGBN+XmK/ZDLFVQlHYy3v8x4TqVEwXviCeumNTxQ==}
    dependencies:
      tslib: 2.3.1
    dev: true

  /@material/floating-label/14.0.0-canary.261f2db59.0:
    resolution: {integrity: sha512-Cp0/LngkW6/uZWbEDTe3Ox143V4kYtxl9twiM3XLKd6a67JHCzneQWFzC0qSg90b3r5O+1zOkT3ZMF2Pbu2Vwg==}
    dependencies:
      '@material/animation': 14.0.0-canary.261f2db59.0
      '@material/base': 14.0.0-canary.261f2db59.0
      '@material/dom': 14.0.0-canary.261f2db59.0
      '@material/feature-targeting': 14.0.0-canary.261f2db59.0
      '@material/rtl': 14.0.0-canary.261f2db59.0
      '@material/theme': 14.0.0-canary.261f2db59.0
      '@material/typography': 14.0.0-canary.261f2db59.0
      tslib: 2.3.1
    dev: true

  /@material/form-field/14.0.0-canary.261f2db59.0:
    resolution: {integrity: sha512-NCc/o60gwuF28PVMgFkHrKcHxIaCMZK9JRVfoaD0sF2BINYrjaCkFZ+x6AhNjAWLUQMhJMfc+1WXAUE2T85Mug==}
    dependencies:
      '@material/base': 14.0.0-canary.261f2db59.0
      '@material/feature-targeting': 14.0.0-canary.261f2db59.0
      '@material/ripple': 14.0.0-canary.261f2db59.0
      '@material/rtl': 14.0.0-canary.261f2db59.0
      '@material/theme': 14.0.0-canary.261f2db59.0
      '@material/typography': 14.0.0-canary.261f2db59.0
      tslib: 2.3.1
    dev: true

  /@material/icon-button/14.0.0-canary.261f2db59.0:
    resolution: {integrity: sha512-9P6cjRqKtjE6ML+r5yz0ExU/f2KLdNabHQxmO6RpKd/FnjTyP1NcWqqj8dsvo/DZ7mOtT1MIThgkQDdiMqcYLg==}
    dependencies:
      '@material/base': 14.0.0-canary.261f2db59.0
      '@material/density': 14.0.0-canary.261f2db59.0
      '@material/elevation': 14.0.0-canary.261f2db59.0
      '@material/feature-targeting': 14.0.0-canary.261f2db59.0
      '@material/ripple': 14.0.0-canary.261f2db59.0
      '@material/rtl': 14.0.0-canary.261f2db59.0
      '@material/theme': 14.0.0-canary.261f2db59.0
      '@material/touch-target': 14.0.0-canary.261f2db59.0
      tslib: 2.3.1
    dev: true

  /@material/line-ripple/14.0.0-canary.261f2db59.0:
    resolution: {integrity: sha512-LlyiyxpHNlFt0PZ8Q2tvOPbjNcgm3L7tUebXsM7iGyoKXfj0HwyDI31S0KgtU3Vs5DIK4U4mnRWtoAxtBW6Jfg==}
    dependencies:
      '@material/animation': 14.0.0-canary.261f2db59.0
      '@material/base': 14.0.0-canary.261f2db59.0
      '@material/feature-targeting': 14.0.0-canary.261f2db59.0
      '@material/theme': 14.0.0-canary.261f2db59.0
      tslib: 2.3.1
    dev: true

  /@material/linear-progress/14.0.0-canary.261f2db59.0:
    resolution: {integrity: sha512-qP/iI4CT7i7HhXuUiNWL5pDN6tyTJ4uLl8e9QImz4mcQLUMU3xrNBIsutS+I5GnBE8FwLDozZFccfCxHh+pvzw==}
    dependencies:
      '@material/animation': 14.0.0-canary.261f2db59.0
      '@material/base': 14.0.0-canary.261f2db59.0
      '@material/feature-targeting': 14.0.0-canary.261f2db59.0
      '@material/progress-indicator': 14.0.0-canary.261f2db59.0
      '@material/rtl': 14.0.0-canary.261f2db59.0
      '@material/theme': 14.0.0-canary.261f2db59.0
      tslib: 2.3.1
    dev: true

  /@material/list/14.0.0-canary.261f2db59.0:
    resolution: {integrity: sha512-bjHXXk2ZeWxAFs4cJxy5J5A5ClUd3FGjRv/LwCYpsh7Dm7e8kSe8Lw2MWb6FXyF3mDJM6xqN3xXQWOh6UEu5wA==}
    dependencies:
      '@material/base': 14.0.0-canary.261f2db59.0
      '@material/density': 14.0.0-canary.261f2db59.0
      '@material/dom': 14.0.0-canary.261f2db59.0
      '@material/feature-targeting': 14.0.0-canary.261f2db59.0
      '@material/ripple': 14.0.0-canary.261f2db59.0
      '@material/rtl': 14.0.0-canary.261f2db59.0
      '@material/shape': 14.0.0-canary.261f2db59.0
      '@material/theme': 14.0.0-canary.261f2db59.0
      '@material/typography': 14.0.0-canary.261f2db59.0
      tslib: 2.3.1
    dev: true

  /@material/menu-surface/14.0.0-canary.261f2db59.0:
    resolution: {integrity: sha512-zv/fv/W3zdSb+c/p6GNcOqA3+wAc/r8MOtV53WJPLlvZZSpGoTwHUp+GPiNeovfbsTSxN95XOXuVQBEfKEb8vA==}
    dependencies:
      '@material/animation': 14.0.0-canary.261f2db59.0
      '@material/base': 14.0.0-canary.261f2db59.0
      '@material/elevation': 14.0.0-canary.261f2db59.0
      '@material/feature-targeting': 14.0.0-canary.261f2db59.0
      '@material/rtl': 14.0.0-canary.261f2db59.0
      '@material/shape': 14.0.0-canary.261f2db59.0
      '@material/theme': 14.0.0-canary.261f2db59.0
      tslib: 2.3.1
    dev: true

  /@material/menu/14.0.0-canary.261f2db59.0:
    resolution: {integrity: sha512-x59UHoTLvEsPKjFdffrKTgEyc0T4W3m58RsizAmapXr59Uthq8+PTFOkAv9R1PV/ZCzxay7Vx+QcekC4qOr40A==}
    dependencies:
      '@material/base': 14.0.0-canary.261f2db59.0
      '@material/dom': 14.0.0-canary.261f2db59.0
      '@material/elevation': 14.0.0-canary.261f2db59.0
      '@material/feature-targeting': 14.0.0-canary.261f2db59.0
      '@material/list': 14.0.0-canary.261f2db59.0
      '@material/menu-surface': 14.0.0-canary.261f2db59.0
      '@material/ripple': 14.0.0-canary.261f2db59.0
      '@material/rtl': 14.0.0-canary.261f2db59.0
      '@material/theme': 14.0.0-canary.261f2db59.0
      tslib: 2.3.1
    dev: true

  /@material/mwc-base/0.25.3:
    resolution: {integrity: sha512-4wvxZ9dhPr0O4jjOHPmFyn77pafe+h1gHPlT9sbQ+ly8NY/fSn/TXn7/PbxgL8g4ZHxMvD3o7PJopg+6cbHp8Q==}
    dependencies:
      '@lit/reactive-element': 1.0.0-rc.4
      '@material/base': 14.0.0-canary.261f2db59.0
      '@material/dom': 14.0.0-canary.261f2db59.0
      lit: 2.1.2
      tslib: 2.3.1
    dev: true

  /@material/mwc-button/0.25.3:
    resolution: {integrity: sha512-usHEKchj9hqetY7n0yebTz1Pk9Z+9W/sNZheFoSaiWQCv9XhtCdKkHH0MXTv8SpwxWuEKUf/XjtyvikGIcIn7w==}
    dependencies:
      '@material/mwc-icon': 0.25.3
      '@material/mwc-ripple': 0.25.3
      lit: 2.1.2
      tslib: 2.3.1
    dev: true

  /@material/mwc-checkbox/0.25.3:
    resolution: {integrity: sha512-PSh9IAgQK4XiDzBwgclheejkA4cbZ3K9V1JTTl/YVRDD/OLLM+Bh8tbnAg/1kGVlPWOUfDrYCcZ0gg472ca7gw==}
    dependencies:
      '@material/mwc-base': 0.25.3
      '@material/mwc-ripple': 0.25.3
      lit: 2.1.2
      tslib: 2.3.1
    dev: true

  /@material/mwc-circular-progress-four-color/0.25.3:
    resolution: {integrity: sha512-CEpZxvZnJaBJaBD/WeffbbQ1vWaqML0zmohVIebxfml9MIukzIT8nRFfBmWq89zlszJBhdH0mfDvk7jX47z0Vg==}
    dependencies:
      '@material/circular-progress': 14.0.0-canary.261f2db59.0
      '@material/mwc-base': 0.25.3
      '@material/mwc-circular-progress': 0.25.3
      '@material/theme': 14.0.0-canary.261f2db59.0
      lit: 2.1.2
      tslib: 2.3.1
    dev: true

  /@material/mwc-circular-progress/0.25.3:
    resolution: {integrity: sha512-ajgSzfdRfq0/sZg0Z5W/ZpgZwD8Ioj59m5ScCPXXdkRoVHf7+8lsD/2Fh4095GfoYE4PWSkXYVlWsQCx+aJbcA==}
    dependencies:
      '@material/circular-progress': 14.0.0-canary.261f2db59.0
      '@material/mwc-base': 0.25.3
      '@material/theme': 14.0.0-canary.261f2db59.0
      lit: 2.1.2
      tslib: 2.3.1
    dev: true

  /@material/mwc-dialog/0.25.3:
    resolution: {integrity: sha512-UpxAYAzKXO1MW4ezpiYfEQgov08p0J8KDVKqKrMwg7lsZRkAtUMk4YJkM6qmWGqGPqd/cN++42PMPHAISJH3yA==}
    dependencies:
      '@material/dialog': 14.0.0-canary.261f2db59.0
      '@material/dom': 14.0.0-canary.261f2db59.0
      '@material/mwc-base': 0.25.3
      '@material/mwc-button': 0.25.3
      blocking-elements: 0.1.1
      lit: 2.1.2
      tslib: 2.3.1
      wicg-inert: 3.1.1
    dev: true

  /@material/mwc-drawer/0.25.3:
    resolution: {integrity: sha512-PL00ifjojIIVtAqv5v3l/uuKSufwcPqsVUWEuSvd6ncPGj2GoL45dWt3HPotUVbWarzqVh4wHj+Yr63WNxgPxw==}
    dependencies:
      '@material/drawer': 14.0.0-canary.261f2db59.0
      '@material/mwc-base': 0.25.3
      blocking-elements: 0.1.1
      lit: 2.1.2
      tslib: 2.3.1
      wicg-inert: 3.1.1
    dev: true

  /@material/mwc-fab/0.25.3:
    resolution: {integrity: sha512-XE1BQNKAEear+Uq58s+DjZe6yw7kiiQofdayXjbKVRf5VS4Kdd0PDfb8sIYyRbwszknVB9jmisk9LQjHTfzs7w==}
    dependencies:
      '@material/mwc-ripple': 0.25.3
      lit: 2.1.2
      tslib: 2.3.1
    dev: true

  /@material/mwc-floating-label/0.25.3:
    resolution: {integrity: sha512-3uFMi8Y680P0nzP5zih4YuOZJLl/C6Ux9G810Unwo44zblG/ckgJlFiM+T+oR+OH5KM8LbfNlV0ypo7FT5zYJA==}
    dependencies:
      '@material/floating-label': 14.0.0-canary.261f2db59.0
      lit: 2.1.2
      tslib: 2.3.1
    dev: true

  /@material/mwc-formfield/0.25.3:
    resolution: {integrity: sha512-JP/ZgsWok0ZVwUQfYgaov0Ocn1zDiiw7Po6q8k/n5tOS67S41XUB/ctiUg1gh00LAM0v3eZAexa9ZmKarviVJA==}
    dependencies:
      '@material/form-field': 14.0.0-canary.261f2db59.0
      '@material/mwc-base': 0.25.3
      lit: 2.1.2
      tslib: 2.3.1
    dev: true

  /@material/mwc-icon-button-toggle/0.25.3:
    resolution: {integrity: sha512-H3eMHHZWyqO2Dd3FXiDOArmegUBpXB3vatZLPDHVFKABdZlt0M4qusgvV7IIo53urLqqcVo6u8FMjtv9VGnXpQ==}
    dependencies:
      '@material/mwc-base': 0.25.3
      '@material/mwc-icon-button': 0.25.3
      '@material/mwc-ripple': 0.25.3
      lit: 2.1.2
      tslib: 2.3.1
    dev: true

  /@material/mwc-icon-button/0.25.3:
    resolution: {integrity: sha512-FexkMpK3ZSHh7NF+PIqvVhvAbBOgFDYPck/lqnxIDC3VGJ0rjD/1MqevDy2fY6IcHGlc8Ai7VuYbdQ6Cvw8WcQ==}
    dependencies:
      '@material/mwc-ripple': 0.25.3
      lit: 2.1.2
      tslib: 2.3.1
    dev: true

  /@material/mwc-icon/0.25.3:
    resolution: {integrity: sha512-36076AWZIRSr8qYOLjuDDkxej/HA0XAosrj7TS1ZeLlUBnLUtbDtvc1S7KSa0hqez7ouzOqGaWK24yoNnTa2OA==}
    dependencies:
      lit: 2.1.2
      tslib: 2.3.1
    dev: true

  /@material/mwc-line-ripple/0.25.3:
    resolution: {integrity: sha512-ANJzSyumb+shBVTIhqF1+YByPU/EpFXxI9CS26qThFqlUDpYXg5xcoZpkMSmZv3Wv/loF1rs2mJfFWOcC6nFnw==}
    dependencies:
      '@material/line-ripple': 14.0.0-canary.261f2db59.0
      lit: 2.1.2
      tslib: 2.3.1
    dev: true

  /@material/mwc-linear-progress/0.25.3:
    resolution: {integrity: sha512-iAsM5zo78rYXXzwEg1RT0+jShxkUjOEUK0Yj6KxqxbXy1VKPTZ4HRB5Fy6wChWQi/Xl8wFlfI6nNAQtH7pakeA==}
    dependencies:
      '@material/linear-progress': 14.0.0-canary.261f2db59.0
      '@material/mwc-base': 0.25.3
      '@material/theme': 14.0.0-canary.261f2db59.0
      lit: 2.1.2
      tslib: 2.3.1
    dev: true

  /@material/mwc-list/0.25.3:
    resolution: {integrity: sha512-2T297qVaQsKv+QDNP2ag9g04RLKO1tm2F6BwwqvdbXTsY+LKYOJe2/aSe0kX2tQLayX4ydy2RnTevo9Ld+c+4g==}
    dependencies:
      '@material/base': 14.0.0-canary.261f2db59.0
      '@material/dom': 14.0.0-canary.261f2db59.0
      '@material/list': 14.0.0-canary.261f2db59.0
      '@material/mwc-base': 0.25.3
      '@material/mwc-checkbox': 0.25.3
      '@material/mwc-radio': 0.25.3
      '@material/mwc-ripple': 0.25.3
      lit: 2.1.2
      tslib: 2.3.1
    dev: true

  /@material/mwc-menu/0.25.3:
    resolution: {integrity: sha512-jr5R61BfqrJC0lsAI63y4BsEM2eY3n6kiCy2ZnwinmxrfFrS709T/zuSUUW/xG9b9inSku4WjjSkDhPzQrmS3g==}
    dependencies:
      '@material/menu': 14.0.0-canary.261f2db59.0
      '@material/menu-surface': 14.0.0-canary.261f2db59.0
      '@material/mwc-base': 0.25.3
      '@material/mwc-list': 0.25.3
      '@material/shape': 14.0.0-canary.261f2db59.0
      '@material/theme': 14.0.0-canary.261f2db59.0
      lit: 2.1.2
      tslib: 2.3.1
    dev: true

  /@material/mwc-notched-outline/0.25.3:
    resolution: {integrity: sha512-8jvU8GD0Pke+pfTQ0PdXpZmkU3XIHhMVY6AHM/2IQrXHkVZmAm9kbwL7ne3Ao+6f5n+DeXDGd+SG9U6ZZjD7gw==}
    dependencies:
      '@material/mwc-base': 0.25.3
      '@material/notched-outline': 14.0.0-canary.261f2db59.0
      lit: 2.1.2
      tslib: 2.3.1
    dev: true

  /@material/mwc-radio/0.25.3:
    resolution: {integrity: sha512-SXpVDrsQnz7+2w/kfBxcOJ4P+uJ0RxBd9mCLE7wVyN53gDLkNHqA0npdl2PNpRaaMavVrt27L8wWo5QIT+7zWA==}
    dependencies:
      '@material/mwc-base': 0.25.3
      '@material/mwc-ripple': 0.25.3
      '@material/radio': 14.0.0-canary.261f2db59.0
      lit: 2.1.2
      tslib: 2.3.1
    dev: true

  /@material/mwc-ripple/0.25.3:
    resolution: {integrity: sha512-G/gt/csxgME6/sAku3GiuB0O2LLvoPWsRTLq/9iABpaGLJjqaKHvNg/IVzNDdF3YZT7EORgR9cBWWl7umA4i4Q==}
    dependencies:
      '@material/dom': 14.0.0-canary.261f2db59.0
      '@material/mwc-base': 0.25.3
      '@material/ripple': 14.0.0-canary.261f2db59.0
      lit: 2.1.2
      tslib: 2.3.1
    dev: true

  /@material/mwc-select/0.25.3:
    resolution: {integrity: sha512-mf1WrsNAW4rDHeVH+AgTPfNHAg70dJdwuIfIBqksAty3pYxnXQ9RjpL4Z/7kLdsGiS44du65vVgmZ63T0ifugQ==}
    dependencies:
      '@material/dom': 14.0.0-canary.261f2db59.0
      '@material/floating-label': 14.0.0-canary.261f2db59.0
      '@material/line-ripple': 14.0.0-canary.261f2db59.0
      '@material/list': 14.0.0-canary.261f2db59.0
      '@material/mwc-base': 0.25.3
      '@material/mwc-floating-label': 0.25.3
      '@material/mwc-icon': 0.25.3
      '@material/mwc-line-ripple': 0.25.3
      '@material/mwc-list': 0.25.3
      '@material/mwc-menu': 0.25.3
      '@material/mwc-notched-outline': 0.25.3
      '@material/select': 14.0.0-canary.261f2db59.0
      lit: 2.1.2
      tslib: 2.3.1
    dev: true

  /@material/mwc-slider/0.25.3:
    resolution: {integrity: sha512-HhjOwi9s/ssGrMaeOwvVXAZQJ3RQc7qKBe7KBA4diRF3Fe4UvjtFsXJN5eZAXmi0LwZPWNnzxKP1JAQBcJWszQ==}
    dependencies:
      '@material/dom': 14.0.0-canary.261f2db59.0
      '@material/mwc-base': 0.25.3
      '@material/mwc-ripple': 0.25.3
      '@material/slider': 14.0.0-canary.261f2db59.0
      lit: 2.1.2
      tslib: 2.3.1
    dev: true

  /@material/mwc-snackbar/0.25.3:
    resolution: {integrity: sha512-DJyWQl1rksv502qLQta81YQ3q3iy0GlVQcXZq88nBG9o64070qZW92rfZmiQ63MRwGbdNmrUFZ3QBoClY1JpFg==}
    dependencies:
      '@material/mwc-base': 0.25.3
      '@material/snackbar': 14.0.0-canary.261f2db59.0
      lit: 2.1.2
      tslib: 2.3.1
    dev: true

  /@material/mwc-switch/0.25.3:
    resolution: {integrity: sha512-cjppRf17q70SdtTP0twMAzODJY7ztJFnfDDZKM5N72F4cp2q0VvhIU42hfBCGLIEbXPQBCLG0dxqt2Mo04qCcA==}
    dependencies:
      '@material/mwc-base': 0.25.3
      '@material/mwc-ripple': 0.25.3
      '@material/switch': 14.0.0-canary.261f2db59.0
      lit: 2.1.2
      tslib: 2.3.1
    dev: true

  /@material/mwc-tab-bar/0.25.3:
    resolution: {integrity: sha512-nzfoz34lmY50GmFUNSOZeCZSDQkJWgCdtBDBrEewufONMgxnuLwLjW0rc1NqBa62/dQ9E7G32rCDVrz/8fW0cA==}
    dependencies:
      '@material/mwc-base': 0.25.3
      '@material/mwc-tab': 0.25.3
      '@material/mwc-tab-scroller': 0.25.3
      '@material/tab': 14.0.0-canary.261f2db59.0
      '@material/tab-bar': 14.0.0-canary.261f2db59.0
      lit: 2.1.2
      tslib: 2.3.1
    dev: true

  /@material/mwc-tab-indicator/0.25.3:
    resolution: {integrity: sha512-b2M6wbO0uwPw8yU/HbNfZ40Yi3ueejjuqxoEzJgWHQGLUzA1BQuhcQglJUJgYYPgqAR/ew+x3apmxnpjinPqeQ==}
    dependencies:
      '@material/mwc-base': 0.25.3
      '@material/tab-indicator': 14.0.0-canary.261f2db59.0
      lit: 2.1.2
      tslib: 2.3.1
    dev: true

  /@material/mwc-tab-scroller/0.25.3:
    resolution: {integrity: sha512-IY0yuJg6G9Cyot5slA7k5edhe0ZmcvgKBAhKMHMxQf8F/Z5t0kUxgNyminQZUKegbJD2jxEUAgMpJWyNCKjGyg==}
    dependencies:
      '@material/dom': 14.0.0-canary.261f2db59.0
      '@material/mwc-base': 0.25.3
      '@material/tab-scroller': 14.0.0-canary.261f2db59.0
      lit: 2.1.2
      tslib: 2.3.1
    dev: true

  /@material/mwc-tab/0.25.3:
    resolution: {integrity: sha512-BHKNBOUjCToPyD07Y+puRF1ttSusLAsqAddDneGSzCOILoR1M9mQ8JIvm2XJ+eirqje09qg6VdHnJJWCIPH6sA==}
    dependencies:
      '@material/mwc-base': 0.25.3
      '@material/mwc-ripple': 0.25.3
      '@material/mwc-tab-indicator': 0.25.3
      '@material/tab': 14.0.0-canary.261f2db59.0
      lit: 2.1.2
      tslib: 2.3.1
    dev: true

  /@material/mwc-textarea/0.25.3:
    resolution: {integrity: sha512-u3PkwAL6+2DGr4rxrDAqBPBCwFX40lM8/ZKgQ9mg7xLB6Rhz/5n3Sf5MtMwGSJO0ZU5CGqU3qY9x21S4tM/Xhw==}
    dependencies:
      '@material/mwc-base': 0.25.3
      '@material/mwc-textfield': 0.25.3
      lit: 2.1.2
      tslib: 2.3.1
    dev: true

  /@material/mwc-textfield/0.25.3:
    resolution: {integrity: sha512-stpZ8sEyo2Mb9fG2XCoTc1Kom8oRXZiVI5rU88GtfcBU7nH0em8S4grq9X1mVfUG6Cfi1G/T+avCSIhzbYtr0w==}
    dependencies:
      '@material/floating-label': 14.0.0-canary.261f2db59.0
      '@material/line-ripple': 14.0.0-canary.261f2db59.0
      '@material/mwc-base': 0.25.3
      '@material/mwc-floating-label': 0.25.3
      '@material/mwc-line-ripple': 0.25.3
      '@material/mwc-notched-outline': 0.25.3
      '@material/textfield': 14.0.0-canary.261f2db59.0
      lit: 2.1.2
      tslib: 2.3.1
    dev: true

  /@material/mwc-top-app-bar-fixed/0.25.3:
    resolution: {integrity: sha512-hYirqEkjohb+7t3iCY0Zppl3fAXJUJNcvsj5VLDzjRKOnQo+f1i3p9AcpJw5sVV29S4oP+RT+qD7D7tD930uKQ==}
    dependencies:
      '@material/mwc-top-app-bar': 0.25.3
      '@material/top-app-bar': 14.0.0-canary.261f2db59.0
      lit: 2.1.2
      tslib: 2.3.1
    dev: true

  /@material/mwc-top-app-bar/0.25.3:
    resolution: {integrity: sha512-2z13T/L9WTq3JFq2ygi5HF5tEUBToXjYn/BEJjPXSbe0jepRS+0wtk5axkbaq5ObSkvhBxdzjsZAaWFJ0QVF0A==}
    dependencies:
      '@material/mwc-base': 0.25.3
      '@material/top-app-bar': 14.0.0-canary.261f2db59.0
      lit: 2.1.2
      tslib: 2.3.1
    dev: true

  /@material/notched-outline/14.0.0-canary.261f2db59.0:
    resolution: {integrity: sha512-gtn+IKAiX2rbfbX3a9aDlfUoKCEYrlAPOZifKXUaZ4UJYMNLzZuAqy7l5Ds30emtqUE22mySTEWqhzK6dePKsA==}
    dependencies:
      '@material/base': 14.0.0-canary.261f2db59.0
      '@material/feature-targeting': 14.0.0-canary.261f2db59.0
      '@material/floating-label': 14.0.0-canary.261f2db59.0
      '@material/rtl': 14.0.0-canary.261f2db59.0
      '@material/shape': 14.0.0-canary.261f2db59.0
      '@material/theme': 14.0.0-canary.261f2db59.0
      tslib: 2.3.1
    dev: true

  /@material/progress-indicator/14.0.0-canary.261f2db59.0:
    resolution: {integrity: sha512-qm+zUMvFYhHuVB2OdgWTO/Dv1hMFEdIT3loX5OJMpvQ66l6rez/3F7blwHkm6W4mfuxRS3zdDdYbP5QdFcuHuA==}
    dependencies:
      tslib: 2.3.1
    dev: true

  /@material/radio/14.0.0-canary.261f2db59.0:
    resolution: {integrity: sha512-AvrsOqhP8UZ5d58RWgaTmQVlWQRULwk2BXhsEhtxz56CmTsyVM49thNbaNnc/TzuY9Ssxv/L2wYVbR2B3BX9Yw==}
    dependencies:
      '@material/animation': 14.0.0-canary.261f2db59.0
      '@material/base': 14.0.0-canary.261f2db59.0
      '@material/density': 14.0.0-canary.261f2db59.0
      '@material/dom': 14.0.0-canary.261f2db59.0
      '@material/feature-targeting': 14.0.0-canary.261f2db59.0
      '@material/ripple': 14.0.0-canary.261f2db59.0
      '@material/theme': 14.0.0-canary.261f2db59.0
      '@material/touch-target': 14.0.0-canary.261f2db59.0
      tslib: 2.3.1
    dev: true

  /@material/ripple/14.0.0-canary.261f2db59.0:
    resolution: {integrity: sha512-3FLCLj8X7KrFfuYBHJg1b7Odb3V/AW7fxk3m1i1zhDnygKmlQ/abVucH1s2qbX3Y+JIiq+5/C5407h9BFtOf+A==}
    dependencies:
      '@material/animation': 14.0.0-canary.261f2db59.0
      '@material/base': 14.0.0-canary.261f2db59.0
      '@material/dom': 14.0.0-canary.261f2db59.0
      '@material/feature-targeting': 14.0.0-canary.261f2db59.0
      '@material/rtl': 14.0.0-canary.261f2db59.0
      '@material/theme': 14.0.0-canary.261f2db59.0
      tslib: 2.3.1
    dev: true

  /@material/rtl/14.0.0-canary.261f2db59.0:
    resolution: {integrity: sha512-bVnXBbUsHs57+EXdeFbcwaKy3lT/itI/qTLmJ88ar0qaGEujO1GmESHm3ioqkeo4kQpTfDhBwQGeEi1aDaTdFg==}
    dependencies:
      '@material/theme': 14.0.0-canary.261f2db59.0
      tslib: 2.3.1
    dev: true

  /@material/select/14.0.0-canary.261f2db59.0:
    resolution: {integrity: sha512-r/D3e75H/sg+7iv+dkiyQ9cg8R6koHQJl85/gZqOlHpaQGSH5gSxpVeILkRY+ic6obQTdQCPRvUi9kzUve5zEg==}
    dependencies:
      '@material/animation': 14.0.0-canary.261f2db59.0
      '@material/base': 14.0.0-canary.261f2db59.0
      '@material/density': 14.0.0-canary.261f2db59.0
      '@material/dom': 14.0.0-canary.261f2db59.0
      '@material/feature-targeting': 14.0.0-canary.261f2db59.0
      '@material/floating-label': 14.0.0-canary.261f2db59.0
      '@material/line-ripple': 14.0.0-canary.261f2db59.0
      '@material/list': 14.0.0-canary.261f2db59.0
      '@material/menu': 14.0.0-canary.261f2db59.0
      '@material/menu-surface': 14.0.0-canary.261f2db59.0
      '@material/notched-outline': 14.0.0-canary.261f2db59.0
      '@material/ripple': 14.0.0-canary.261f2db59.0
      '@material/rtl': 14.0.0-canary.261f2db59.0
      '@material/shape': 14.0.0-canary.261f2db59.0
      '@material/theme': 14.0.0-canary.261f2db59.0
      '@material/typography': 14.0.0-canary.261f2db59.0
      tslib: 2.3.1
    dev: true

  /@material/shape/14.0.0-canary.261f2db59.0:
    resolution: {integrity: sha512-VjcQltd1uF9ugvLExMy00SMISjy/370o8lsZlb1T+xHyhXHL3UxeuWYLW5Amq6mbx65+c9Df9WmlXXOdebpEkw==}
    dependencies:
      '@material/feature-targeting': 14.0.0-canary.261f2db59.0
      '@material/rtl': 14.0.0-canary.261f2db59.0
      '@material/theme': 14.0.0-canary.261f2db59.0
      tslib: 2.3.1
    dev: true

  /@material/slider/14.0.0-canary.261f2db59.0:
    resolution: {integrity: sha512-JoTlKGDf5+Ao0JNNlpiNM1h3TezhOELpM8dmCs1IwCzw7pWepihSa4oXemdDadHKAYM0HOIo2OQVcark96/WSQ==}
    dependencies:
      '@material/animation': 14.0.0-canary.261f2db59.0
      '@material/base': 14.0.0-canary.261f2db59.0
      '@material/dom': 14.0.0-canary.261f2db59.0
      '@material/elevation': 14.0.0-canary.261f2db59.0
      '@material/feature-targeting': 14.0.0-canary.261f2db59.0
      '@material/ripple': 14.0.0-canary.261f2db59.0
      '@material/rtl': 14.0.0-canary.261f2db59.0
      '@material/theme': 14.0.0-canary.261f2db59.0
      '@material/typography': 14.0.0-canary.261f2db59.0
      tslib: 2.3.1
    dev: true

  /@material/snackbar/14.0.0-canary.261f2db59.0:
    resolution: {integrity: sha512-RLxO0dWBmhU+3y/PCYN0oiQUvzw8cdeFLmiUN9BPn2unwmTPp5nUdaTde7TQ93vRNidyPtDnkEFnflunDCk2Ew==}
    dependencies:
      '@material/animation': 14.0.0-canary.261f2db59.0
      '@material/base': 14.0.0-canary.261f2db59.0
      '@material/button': 14.0.0-canary.261f2db59.0
      '@material/dom': 14.0.0-canary.261f2db59.0
      '@material/elevation': 14.0.0-canary.261f2db59.0
      '@material/feature-targeting': 14.0.0-canary.261f2db59.0
      '@material/icon-button': 14.0.0-canary.261f2db59.0
      '@material/ripple': 14.0.0-canary.261f2db59.0
      '@material/rtl': 14.0.0-canary.261f2db59.0
      '@material/shape': 14.0.0-canary.261f2db59.0
      '@material/theme': 14.0.0-canary.261f2db59.0
      '@material/typography': 14.0.0-canary.261f2db59.0
      tslib: 2.3.1
    dev: true

  /@material/switch/14.0.0-canary.261f2db59.0:
    resolution: {integrity: sha512-WoHxAeTVh43OAwkdC9uWI5caVwCCn0JrxMbPYAonbuoGAn/blXECuDtSpXD3m+05RwSgUHlX9n14nb3SGQMOYw==}
    dependencies:
      '@material/animation': 14.0.0-canary.261f2db59.0
      '@material/base': 14.0.0-canary.261f2db59.0
      '@material/density': 14.0.0-canary.261f2db59.0
      '@material/dom': 14.0.0-canary.261f2db59.0
      '@material/elevation': 14.0.0-canary.261f2db59.0
      '@material/feature-targeting': 14.0.0-canary.261f2db59.0
      '@material/ripple': 14.0.0-canary.261f2db59.0
      '@material/rtl': 14.0.0-canary.261f2db59.0
      '@material/shape': 14.0.0-canary.261f2db59.0
      '@material/theme': 14.0.0-canary.261f2db59.0
      '@material/tokens': 14.0.0-canary.261f2db59.0
      tslib: 2.3.1
    dev: true

  /@material/tab-bar/14.0.0-canary.261f2db59.0:
    resolution: {integrity: sha512-hr6gqL0FrRO8ofFi/EPc/A6iRIzcx+ruqzUlCjDgCdMDOOHZsg9ULskGiN7/ocUZnpPOL1AcdE05L3nAWiDZHA==}
    dependencies:
      '@material/animation': 14.0.0-canary.261f2db59.0
      '@material/base': 14.0.0-canary.261f2db59.0
      '@material/density': 14.0.0-canary.261f2db59.0
      '@material/elevation': 14.0.0-canary.261f2db59.0
      '@material/feature-targeting': 14.0.0-canary.261f2db59.0
      '@material/tab': 14.0.0-canary.261f2db59.0
      '@material/tab-indicator': 14.0.0-canary.261f2db59.0
      '@material/tab-scroller': 14.0.0-canary.261f2db59.0
      '@material/theme': 14.0.0-canary.261f2db59.0
      '@material/typography': 14.0.0-canary.261f2db59.0
      tslib: 2.3.1
    dev: true

  /@material/tab-indicator/14.0.0-canary.261f2db59.0:
    resolution: {integrity: sha512-v1MHQ19zs0PWcFqgSzhGY9dU+OeoLixu9BO7bLlT/SHyQ3SjHn9NRc850KiqbFuMlsIlnyIEz/dCJHv2lO1ZAw==}
    dependencies:
      '@material/animation': 14.0.0-canary.261f2db59.0
      '@material/base': 14.0.0-canary.261f2db59.0
      '@material/feature-targeting': 14.0.0-canary.261f2db59.0
      '@material/theme': 14.0.0-canary.261f2db59.0
      tslib: 2.3.1
    dev: true

  /@material/tab-scroller/14.0.0-canary.261f2db59.0:
    resolution: {integrity: sha512-1tk3BHpYK3Zh/SAvXITlkm2frNo8wjz2xnu/9UoTQnzKMRIzKRFvAvtPH8oM7kmEoZeNXZOm+WrTyJ0mJNfmwg==}
    dependencies:
      '@material/animation': 14.0.0-canary.261f2db59.0
      '@material/base': 14.0.0-canary.261f2db59.0
      '@material/dom': 14.0.0-canary.261f2db59.0
      '@material/feature-targeting': 14.0.0-canary.261f2db59.0
      '@material/tab': 14.0.0-canary.261f2db59.0
      tslib: 2.3.1
    dev: true

  /@material/tab/14.0.0-canary.261f2db59.0:
    resolution: {integrity: sha512-c6zIUxzTnFbwcJ7cfXBUgh/2x0cp3s0kW2c2PKmHO5RLm22azEnAMTHeTCbT5DKlazgr5Zum2ZFJ+uR1fSJUFw==}
    dependencies:
      '@material/base': 14.0.0-canary.261f2db59.0
      '@material/elevation': 14.0.0-canary.261f2db59.0
      '@material/feature-targeting': 14.0.0-canary.261f2db59.0
      '@material/ripple': 14.0.0-canary.261f2db59.0
      '@material/rtl': 14.0.0-canary.261f2db59.0
      '@material/tab-indicator': 14.0.0-canary.261f2db59.0
      '@material/theme': 14.0.0-canary.261f2db59.0
      '@material/typography': 14.0.0-canary.261f2db59.0
      tslib: 2.3.1
    dev: true

  /@material/textfield/14.0.0-canary.261f2db59.0:
    resolution: {integrity: sha512-KBPgpvvVFBfLx9nc6+wWOS2hJ40JVwh5KBjMoYbiOEFLf0O7SgCAVREHaFAXrPsC8AeTyUipx6TReONIGfMCPQ==}
    dependencies:
      '@material/animation': 14.0.0-canary.261f2db59.0
      '@material/base': 14.0.0-canary.261f2db59.0
      '@material/density': 14.0.0-canary.261f2db59.0
      '@material/dom': 14.0.0-canary.261f2db59.0
      '@material/feature-targeting': 14.0.0-canary.261f2db59.0
      '@material/floating-label': 14.0.0-canary.261f2db59.0
      '@material/line-ripple': 14.0.0-canary.261f2db59.0
      '@material/notched-outline': 14.0.0-canary.261f2db59.0
      '@material/ripple': 14.0.0-canary.261f2db59.0
      '@material/rtl': 14.0.0-canary.261f2db59.0
      '@material/shape': 14.0.0-canary.261f2db59.0
      '@material/theme': 14.0.0-canary.261f2db59.0
      '@material/typography': 14.0.0-canary.261f2db59.0
      tslib: 2.3.1
    dev: true

  /@material/theme/14.0.0-canary.261f2db59.0:
    resolution: {integrity: sha512-bUqyFT0QF8Nxx02fekt3CXIfC9DEPOPdo2hjgdtvhrNP+vftbkI2tKZ5/uRUnVA+zqQAOyIl5z6FOMg4fyemCA==}
    dependencies:
      '@material/feature-targeting': 14.0.0-canary.261f2db59.0
      tslib: 2.3.1
    dev: true

  /@material/tokens/14.0.0-canary.261f2db59.0:
    resolution: {integrity: sha512-mgar9gsLv00HTvXIDvNR1vEEXpfKgeWhVTO8a7aWofSNyENNOVc5ImJwBgCAMb5SgLHBi6w8/c1tPzjOewBfCA==}
    dependencies:
      '@material/elevation': 14.0.0-canary.261f2db59.0
    dev: true

  /@material/top-app-bar/14.0.0-canary.261f2db59.0:
    resolution: {integrity: sha512-qizULSReG7wpxWzNk2JykLiqMuuhOuyXoOUx5bl4FZCuivT6HK2xYLJ49ZM15SFbpWqZopfjmSrLo2TPw3wuhg==}
    dependencies:
      '@material/animation': 14.0.0-canary.261f2db59.0
      '@material/base': 14.0.0-canary.261f2db59.0
      '@material/elevation': 14.0.0-canary.261f2db59.0
      '@material/ripple': 14.0.0-canary.261f2db59.0
      '@material/rtl': 14.0.0-canary.261f2db59.0
      '@material/shape': 14.0.0-canary.261f2db59.0
      '@material/theme': 14.0.0-canary.261f2db59.0
      '@material/typography': 14.0.0-canary.261f2db59.0
      tslib: 2.3.1
    dev: true

  /@material/touch-target/14.0.0-canary.261f2db59.0:
    resolution: {integrity: sha512-xA6TTHN7aOTXg/+c6mQJlogzTD+Sp8WPC5TK8RBXbQxEykGXGW15p+H9pG+rX/gzD5iehnHRBrDUFmAGoskhcQ==}
    dependencies:
      '@material/base': 14.0.0-canary.261f2db59.0
      '@material/feature-targeting': 14.0.0-canary.261f2db59.0
      '@material/rtl': 14.0.0-canary.261f2db59.0
      tslib: 2.3.1
    dev: true

  /@material/typography/14.0.0-canary.261f2db59.0:
    resolution: {integrity: sha512-WOCdcNkD5KBRAwICcRqWBRG3cDkyrwK5USTNmG0oxnwnZAN7daOpPTdLppVAhadE7faj8d67ON+V9pH7+T62FQ==}
    dependencies:
      '@material/feature-targeting': 14.0.0-canary.261f2db59.0
      '@material/theme': 14.0.0-canary.261f2db59.0
      tslib: 2.3.1
    dev: true

  /@types/trusted-types/2.0.2:
    resolution: {integrity: sha512-F5DIZ36YVLE+PN+Zwws4kJogq47hNgX3Nx6WyDJ3kcplxyke3XIzB8uK5n/Lpm1HBsbGzd6nmGehL8cPekP+Tg==}
    dev: true

  /blocking-elements/0.1.1:
    resolution: {integrity: sha512-/SLWbEzMoVIMZACCyhD/4Ya2M1PWP1qMKuiymowPcI+PdWDARqeARBjhj73kbUBCxEmTZCUu5TAqxtwUO9C1Ig==}
    dev: true

  /esbuild-android-arm64/0.14.14:
    resolution: {integrity: sha512-be/Uw6DdpQiPfula1J4bdmA+wtZ6T3BRCZsDMFB5X+k0Gp8TIh9UvmAcqvKNnbRAafSaXG3jPCeXxDKqnc8hFQ==}
    cpu: [arm64]
    os: [android]
    requiresBuild: true
    dev: true
    optional: true

  /esbuild-darwin-64/0.14.14:
    resolution: {integrity: sha512-BEexYmjWafcISK8cT6O98E3TfcLuZL8DKuubry6G54n2+bD4GkoRD6HYUOnCkfl2p7jodA+s4369IjSFSWjtHg==}
    cpu: [x64]
    os: [darwin]
    requiresBuild: true
    dev: true
    optional: true

  /esbuild-darwin-arm64/0.14.14:
    resolution: {integrity: sha512-tnBKm41pDOB1GtZ8q/w26gZlLLRzVmP8fdsduYjvM+yFD7E2DLG4KbPAqFMWm4Md9B+DitBglP57FY7AznxbTg==}
    cpu: [arm64]
    os: [darwin]
    requiresBuild: true
    dev: true
    optional: true

  /esbuild-freebsd-64/0.14.14:
    resolution: {integrity: sha512-Q9Rx6sgArOHalQtNwAaIzJ6dnQ8A+I7f/RsQsdkS3JrdzmnlFo8JEVofTmwVQLoIop7OKUqIVOGP4PoQcwfVMA==}
    cpu: [x64]
    os: [freebsd]
    requiresBuild: true
    dev: true
    optional: true

  /esbuild-freebsd-arm64/0.14.14:
    resolution: {integrity: sha512-TJvq0OpLM7BkTczlyPIphcvnwrQwQDG1HqxzoYePWn26SMUAlt6wrLnEvxdbXAvNvDLVzG83kA+JimjK7aRNBA==}
    cpu: [arm64]
    os: [freebsd]
    requiresBuild: true
    dev: true
    optional: true

  /esbuild-linux-32/0.14.14:
    resolution: {integrity: sha512-h/CrK9Baimt5VRbu8gqibWV7e1P9l+mkanQgyOgv0Ng3jHT1NVFC9e6rb1zbDdaJVmuhWX5xVliUA5bDDCcJeg==}
    cpu: [ia32]
    os: [linux]
    requiresBuild: true
    dev: true
    optional: true

  /esbuild-linux-64/0.14.14:
    resolution: {integrity: sha512-IC+wAiIg/egp5OhQp4W44D9PcBOH1b621iRn1OXmlLzij9a/6BGr9NMIL4CRwz4j2kp3WNZu5sT473tYdynOuQ==}
    cpu: [x64]
    os: [linux]
    requiresBuild: true
    dev: true
    optional: true

  /esbuild-linux-arm/0.14.14:
    resolution: {integrity: sha512-gxpOaHOPwp7zSmcKYsHrtxabScMqaTzfSQioAMUaB047YiMuDBzqVcKBG8OuESrYkGrL9DDljXr/mQNg7pbdaQ==}
    cpu: [arm]
    os: [linux]
    requiresBuild: true
    dev: true
    optional: true

  /esbuild-linux-arm64/0.14.14:
    resolution: {integrity: sha512-6QVul3RI4M5/VxVIRF/I5F+7BaxzR3DfNGoqEVSCZqUbgzHExPn+LXr5ly1C7af2Kw4AHpo+wDqx8A4ziP9avw==}
    cpu: [arm64]
    os: [linux]
    requiresBuild: true
    dev: true
    optional: true

  /esbuild-linux-mips64le/0.14.14:
    resolution: {integrity: sha512-4Jl5/+xoINKbA4cesH3f4R+q0vltAztZ6Jm8YycS8lNhN1pgZJBDxWfI6HUMIAdkKlIpR1PIkA9aXQgZ8sxFAg==}
    cpu: [mips64el]
    os: [linux]
    requiresBuild: true
    dev: true
    optional: true

  /esbuild-linux-ppc64le/0.14.14:
    resolution: {integrity: sha512-BitW37GxeebKxqYNl4SVuSdnIJAzH830Lr6Mkq3pBHXtzQay0vK+IeOR/Ele1GtNVJ+/f8wYM53tcThkv5SC5w==}
    cpu: [ppc64]
    os: [linux]
    requiresBuild: true
    dev: true
    optional: true

  /esbuild-linux-s390x/0.14.14:
    resolution: {integrity: sha512-vLj6p76HOZG3wfuTr5MyO3qW5iu8YdhUNxuY+tx846rPo7GcKtYSPMusQjeVEfZlJpSYoR+yrNBBxq+qVF9zrw==}
    cpu: [s390x]
    os: [linux]
    requiresBuild: true
    dev: true
    optional: true

  /esbuild-netbsd-64/0.14.14:
    resolution: {integrity: sha512-fn8looXPQhpVqUyCBWUuPjesH+yGIyfbIQrLKG05rr1Kgm3rZD/gaYrd3Wpmf5syVZx70pKZPvdHp8OTA+y7cQ==}
    cpu: [x64]
    os: [netbsd]
    requiresBuild: true
    dev: true
    optional: true

  /esbuild-openbsd-64/0.14.14:
    resolution: {integrity: sha512-HdAnJ399pPff3SKbd8g+P4o5znseni5u5n5rJ6Z7ouqOdgbOwHe2ofZbMow17WMdNtz1IyOZk2Wo9Ve6/lZ4Rg==}
    cpu: [x64]
    os: [openbsd]
    requiresBuild: true
    dev: true
    optional: true

  /esbuild-sunos-64/0.14.14:
    resolution: {integrity: sha512-bmDHa99ulsGnYlh/xjBEfxoGuC8CEG5OWvlgD+pF7bKKiVTbtxqVCvOGEZeoDXB+ja6AvHIbPxrEE32J+m5nqQ==}
    cpu: [x64]
    os: [sunos]
    requiresBuild: true
    dev: true
    optional: true

  /esbuild-windows-32/0.14.14:
    resolution: {integrity: sha512-6tVooQcxJCNenPp5GHZBs/RLu31q4B+BuF4MEoRxswT+Eq2JGF0ZWDRQwNKB8QVIo3t6Svc5wNGez+CwKNQjBg==}
    cpu: [ia32]
    os: [win32]
    requiresBuild: true
    dev: true
    optional: true

  /esbuild-windows-64/0.14.14:
    resolution: {integrity: sha512-kl3BdPXh0/RD/dad41dtzj2itMUR4C6nQbXQCyYHHo4zoUoeIXhpCrSl7BAW1nv5EFL8stT1V+TQVXGZca5A2A==}
    cpu: [x64]
    os: [win32]
    requiresBuild: true
    dev: true
    optional: true

  /esbuild-windows-arm64/0.14.14:
    resolution: {integrity: sha512-dCm1wTOm6HIisLanmybvRKvaXZZo4yEVrHh1dY0v582GThXJOzuXGja1HIQgV09RpSHYRL3m4KoUBL00l6SWEg==}
    cpu: [arm64]
    os: [win32]
    requiresBuild: true
    dev: true
    optional: true

  /esbuild/0.14.14:
    resolution: {integrity: sha512-aiK4ddv+uui0k52OqSHu4xxu+SzOim7Rlz4i25pMEiC8rlnGU0HJ9r+ZMfdWL5bzifg+nhnn7x4NSWTeehYblg==}
    hasBin: true
    requiresBuild: true
    optionalDependencies:
      esbuild-android-arm64: 0.14.14
      esbuild-darwin-64: 0.14.14
      esbuild-darwin-arm64: 0.14.14
      esbuild-freebsd-64: 0.14.14
      esbuild-freebsd-arm64: 0.14.14
      esbuild-linux-32: 0.14.14
      esbuild-linux-64: 0.14.14
      esbuild-linux-arm: 0.14.14
      esbuild-linux-arm64: 0.14.14
      esbuild-linux-mips64le: 0.14.14
      esbuild-linux-ppc64le: 0.14.14
      esbuild-linux-s390x: 0.14.14
      esbuild-netbsd-64: 0.14.14
      esbuild-openbsd-64: 0.14.14
      esbuild-sunos-64: 0.14.14
      esbuild-windows-32: 0.14.14
      esbuild-windows-64: 0.14.14
      esbuild-windows-arm64: 0.14.14
    dev: true

  /lit-element/3.1.2:
    resolution: {integrity: sha512-5VLn5a7anAFH7oz6d7TRG3KiTZQ5GEFsAgOKB8Yc+HDyuDUGOT2cL1CYTz/U4b/xlJxO+euP14pyji+z3Z3kOg==}
    dependencies:
      '@lit/reactive-element': 1.2.1
      lit-html: 2.1.2
    dev: true

  /lit-html/2.1.2:
    resolution: {integrity: sha512-fp7oBzUdc7SEmOoSUNUZ6PM8se8eaIvc3pviQ5M+iCYuCpv9E23Nnb4hlxVzGhLWMnHSrnRVooNio0aAgjjrFw==}
    dependencies:
      '@types/trusted-types': 2.0.2
    dev: true

  /lit/2.1.2:
    resolution: {integrity: sha512-XacK89dJXF7BJbpiZSMvzT4RxHag7Wt+yNx7tErEVgGVlOFAeN871bj7ivotCMgYeBFWVp/hjKF/PDTk6L7gMA==}
    dependencies:
      '@lit/reactive-element': 1.2.1
      lit-element: 3.1.2
      lit-html: 2.1.2
    dev: true

  /tslib/2.3.1:
    resolution: {integrity: sha512-77EbyPPpMz+FRFRuAFlWMtmgUWGe9UOG2Z25NqCwiIjRhOf5iKGuzSe5P2w1laq+FkRy4p+PCuVkJSGkzTEKVw==}
    dev: true

  /wicg-inert/3.1.1:
    resolution: {integrity: sha512-PhBaNh8ur9Xm4Ggy4umelwNIP6pPP1bv3EaWaKqfb/QNme2rdLjm7wIInvV4WhxVHhzA4Spgw9qNSqWtB/ca2A==}
    dev: true
